{
  "name": "servicio-correo",
  "version": "1.0.0",
  "lockfileVersion": 3,
  "requires": true,
  "packages": {
    "": {
      "name": "servicio-correo",
      "version": "1.0.0",
      "license": "ISC",
      "dependencies": {
        "@hono/node-server": "^1.14.1",
        "chanfana": "^2.8.0",
        "crypto": "^1.0.1",
        "dotenv": "^16.5.0",
        "hono": "^4.7.10",
        "nodemailer": "^7.0.3",
        "zod": "^3.24.4"
      }
    },
    "node_modules/@asteasolutions/zod-to-openapi": {
      "version": "7.3.0",
      "resolved": "https://registry.npmjs.org/@asteasolutions/zod-to-openapi/-/zod-to-openapi-7.3.0.tgz",
      "integrity": "sha512-7tE/r1gXwMIvGnXVUdIqUhCU1RevEFC4Jk6Bussa0fk1ecbnnINkZzj1EOAJyE/M3AI25DnHT/zKQL1/FPFi8Q==",
      "license": "MIT",
      "dependencies": {
        "openapi3-ts": "^4.1.2"
      },
      "peerDependencies": {
        "zod": "^3.20.2"
      }
    },
    "node_modules/@hono/node-server": {
      "version": "1.14.1",
      "resolved": "https://registry.npmjs.org/@hono/node-server/-/node-server-1.14.1.tgz",
      "integrity": "sha512-vmbuM+HPinjWzPe7FFPWMMQMsbKE9gDPhaH0FFdqbGpkT5lp++tcWDTxwBl5EgS5y6JVgIaCdjeHRfQ4XRBRjQ==",
      "license": "MIT",
      "engines": {
        "node": ">=18.14.1"
      },
      "peerDependencies": {
        "hono": "^4"
      }
    },
    "node_modules/argparse": {
      "version": "2.0.1",
      "resolved": "https://registry.npmjs.org/argparse/-/argparse-2.0.1.tgz",
      "integrity": "sha512-8+9WqebbFzpX9OR+Wa6O29asIogeRMzcGtAINdpMHHyAg10f05aSFVBbcEqGf/PXw1EjAZ+q2/bEBg3DvurK3Q==",
      "license": "Python-2.0"
    },
    "node_modules/chanfana": {
      "version": "2.8.0",
      "resolved": "https://registry.npmjs.org/chanfana/-/chanfana-2.8.0.tgz",
      "integrity": "sha512-R0lY+c4lBVO8jnop9J5hY6W2Vq5YS3sb9NwI4nY2oJU65E38rC6LCNNhEVEITVmcn+EhuKIQK4FLJLW93gFG4g==",
      "license": "MIT",
      "dependencies": {
        "@asteasolutions/zod-to-openapi": "^7.2.0",
        "js-yaml": "^4.1.0",
        "openapi3-ts": "^4.4.0",
        "zod": "^3.23.8"
      }
    },
    "node_modules/crypto": {
      "version": "1.0.1",
      "resolved": "https://registry.npmjs.org/crypto/-/crypto-1.0.1.tgz",
      "integrity": "sha512-VxBKmeNcqQdiUQUW2Tzq0t377b54N2bMtXO/qiLa+6eRRmmC4qT3D4OnTGoT/U6O9aklQ/jTwbOtRMTTY8G0Ig==",
      "deprecated": "This package is no longer supported. It's now a built-in Node module. If you've depended on crypto, you should switch to the one that's built-in.",
      "license": "ISC"
    },
    "node_modules/dotenv": {
      "version": "16.5.0",
      "resolved": "https://registry.npmjs.org/dotenv/-/dotenv-16.5.0.tgz",
      "integrity": "sha512-m/C+AwOAr9/W1UOIZUo232ejMNnJAJtYQjUbHoNTBNTJSvqzzDh7vnrei3o3r3m9blf6ZoDkvcw0VmozNRFJxg==",
      "license": "BSD-2-Clause",
      "engines": {
        "node": ">=12"
      },
      "funding": {
        "url": "https://dotenvx.com"
      }
    },
    "node_modules/hono": {
      "version": "4.7.10",
      "resolved": "https://registry.npmjs.org/hono/-/hono-4.7.10.tgz",
      "integrity": "sha512-QkACju9MiN59CKSY5JsGZCYmPZkA6sIW6OFCUp7qDjZu6S6KHtJHhAc9Uy9mV9F8PJ1/HQ3ybZF2yjCa/73fvQ==",
      "license": "MIT",
      "engines": {
        "node": ">=16.9.0"
      }
    },
    "node_modules/js-yaml": {
      "version": "4.1.0",
      "resolved": "https://registry.npmjs.org/js-yaml/-/js-yaml-4.1.0.tgz",
      "integrity": "sha512-wpxZs9NoxZaJESJGIZTyDEaYpl0FKSA+FB9aJiyemKhMwkxQg63h4T1KJgUGHpTqPDNRcmmYLugrRjJlBtWvRA==",
      "license": "MIT",
      "dependencies": {
        "argparse": "^2.0.1"
      },
      "bin": {
        "js-yaml": "bin/js-yaml.js"
      }
    },
    "node_modules/nodemailer": {
      "version": "7.0.3",
      "resolved": "https://registry.npmjs.org/nodemailer/-/nodemailer-7.0.3.tgz",
      "integrity": "sha512-Ajq6Sz1x7cIK3pN6KesGTah+1gnwMnx5gKl3piQlQQE/PwyJ4Mbc8is2psWYxK3RJTVeqsDaCv8ZzXLCDHMTZw==",
      "license": "MIT-0",
      "engines": {
        "node": ">=6.0.0"
      }
    },
    "node_modules/openapi3-ts": {
      "version": "4.4.0",
      "resolved": "https://registry.npmjs.org/openapi3-ts/-/openapi3-ts-4.4.0.tgz",
      "integrity": "sha512-9asTNB9IkKEzWMcHmVZE7Ts3kC9G7AFHfs8i7caD8HbI76gEjdkId4z/AkP83xdZsH7PLAnnbl47qZkXuxpArw==",
      "license": "MIT",
      "dependencies": {
        "yaml": "^2.5.0"
      }
    },
    "node_modules/yaml": {
      "version": "2.8.0",
      "resolved": "https://registry.npmjs.org/yaml/-/yaml-2.8.0.tgz",
      "integrity": "sha512-4lLa/EcQCB0cJkyts+FpIRx5G/llPxfP6VQU5KByHEhLxY3IJCH0f0Hy1MHI8sClTvsIb8qwRJ6R/ZdlDJ/leQ==",
      "license": "ISC",
      "bin": {
        "yaml": "bin.mjs"
      },
      "engines": {
        "node": ">= 14.6"
      }
    },
    "node_modules/zod": {
      "version": "3.24.4",
      "resolved": "https://registry.npmjs.org/zod/-/zod-3.24.4.tgz",
      "integrity": "sha512-OdqJE9UDRPwWsrHjLN2F8bPxvwJBK22EHLWtanu0LSYr5YqzsaaW3RMgmjwr8Rypg5k+meEJdSPXJZXE/yqOMg==",
      "license": "MIT",
      "funding": {
        "url": "https://github.com/sponsors/colinhacks"
      }
    }
  }
}
